// !$*UTF8*$!
{
	archiveVersion = 1;
	classes = {
	};
	objectVersion = 46;
	objects = {

/* Begin PBXBuildFile section */
		7A2E601C133FC21200DFA2D7 /* Growl.framework in Frameworks */ = {isa = PBXBuildFile; fileRef = 7A2E601B133FC21200DFA2D7 /* Growl.framework */; };
		7A2E601D133FD1DD00DFA2D7 /* Growl.framework in CopyFiles */ = {isa = PBXBuildFile; fileRef = 7A2E601B133FC21200DFA2D7 /* Growl.framework */; };
		7A89531E133F7BAB004F7FA6 /* Growl Registration Ticket.growlRegDict in Resources */ = {isa = PBXBuildFile; fileRef = 7A89531C133F7BAB004F7FA6 /* Growl Registration Ticket.growlRegDict */; };
		7A895376133FBC60004F7FA6 /* OSAKit.framework in Frameworks */ = {isa = PBXBuildFile; fileRef = 7A895375133FBC60004F7FA6 /* OSAKit.framework */; };
		7C05ED8C133045EA00986D46 /* LMetadataController.m in Sources */ = {isa = PBXBuildFile; fileRef = 7C05ED8B133045E500986D46 /* LMetadataController.m */; };
		7C06031013318110000C0556 /* LMetadata_MP3.m in Sources */ = {isa = PBXBuildFile; fileRef = 7C06030F13318110000C0556 /* LMetadata_MP3.m */; };
		7C06031313318203000C0556 /* AudioToolbox.framework in Frameworks */ = {isa = PBXBuildFile; fileRef = 7C06031213318203000C0556 /* AudioToolbox.framework */; };
		7C06031613319B12000C0556 /* Play.pdf in Resources */ = {isa = PBXBuildFile; fileRef = 7C06031513319B12000C0556 /* Play.pdf */; };
		7C0603181331AD19000C0556 /* Backward.pdf in Resources */ = {isa = PBXBuildFile; fileRef = 7C0603171331AD19000C0556 /* Backward.pdf */; };
		7C06031A1331AD30000C0556 /* Forward.pdf in Resources */ = {isa = PBXBuildFile; fileRef = 7C0603191331AD2F000C0556 /* Forward.pdf */; };
		7C0B06CC13442B2900C23399 /* NSArrayCategory.m in Sources */ = {isa = PBXBuildFile; fileRef = 7C0B06CB13442B2900C23399 /* NSArrayCategory.m */; };
		7C0F786E134A72800009C016 /* LuxGui.m in Sources */ = {isa = PBXBuildFile; fileRef = 7C0F786D134A72800009C016 /* LuxGui.m */; };
		7C22E7151344F28B00A46AB7 /* NSStringCategory.m in Sources */ = {isa = PBXBuildFile; fileRef = 7C22E7141344F28B00A46AB7 /* NSStringCategory.m */; };
		7C2811CA1346817700F5169A /* LApplication.m in Sources */ = {isa = PBXBuildFile; fileRef = 7C2811C91346817700F5169A /* LApplication.m */; };
		7C2811CD1346822100F5169A /* IOKit.framework in Frameworks */ = {isa = PBXBuildFile; fileRef = 7C2811CC1346822100F5169A /* IOKit.framework */; };
		7C2B7C36133EBBEC001BD5DC /* LExtensionController.m in Sources */ = {isa = PBXBuildFile; fileRef = 7C2B7C35133EBBEC001BD5DC /* LExtensionController.m */; };
		7C2B7C3B133EBC0F001BD5DC /* LPlaylist.m in Sources */ = {isa = PBXBuildFile; fileRef = 7C2B7C38133EBC0F001BD5DC /* LPlaylist.m */; };
		7C2B7C3C133EBC0F001BD5DC /* LPlaylistController.m in Sources */ = {isa = PBXBuildFile; fileRef = 7C2B7C3A133EBC0F001BD5DC /* LPlaylistController.m */; };
		7C329B6B1325D6B100377547 /* LFile.m in Sources */ = {isa = PBXBuildFile; fileRef = 7C329B6A1325D6B000377547 /* LFile.m */; };
		7C329B731325DDBD00377547 /* LExtension.m in Sources */ = {isa = PBXBuildFile; fileRef = 7C329B721325DDBB00377547 /* LExtension.m */; };
		7C356055134A807500C41FF6 /* LPlayerVideo.m in Sources */ = {isa = PBXBuildFile; fileRef = 7C356054134A807500C41FF6 /* LPlayerVideo.m */; };
		7C3826A0133C595400FDD40E /* LTableView.m in Sources */ = {isa = PBXBuildFile; fileRef = 7C38269F133C595200FDD40E /* LTableView.m */; };
		7C3B909513285D1C007B7DA5 /* _Test.m in Sources */ = {isa = PBXBuildFile; fileRef = 7C3B909413285D1C007B7DA5 /* _Test.m */; };
		7C3B909B13286BF9007B7DA5 /* LPlaylistGui.m in Sources */ = {isa = PBXBuildFile; fileRef = 7C3B909A13286BF8007B7DA5 /* LPlaylistGui.m */; };
		7C3B909E1328A758007B7DA5 /* NSOutlineView+Lux.m in Sources */ = {isa = PBXBuildFile; fileRef = 7C3B909D1328A752007B7DA5 /* NSOutlineView+Lux.m */; };
		7C5132CA1325E76A00469177 /* LInputOutputController.m in Sources */ = {isa = PBXBuildFile; fileRef = 7C5132C91325E76A00469177 /* LInputOutputController.m */; };
		7C58363F13260BA300B81F6C /* LInputOutput_Computer.m in Sources */ = {isa = PBXBuildFile; fileRef = 7C58363E13260BA300B81F6C /* LInputOutput_Computer.m */; };
		7C5FE0B513258F0D0008B7DC /* Cocoa.framework in Frameworks */ = {isa = PBXBuildFile; fileRef = 7C5FE0B413258F0D0008B7DC /* Cocoa.framework */; };
		7C5FE0C213258F0D0008B7DC /* main.m in Sources */ = {isa = PBXBuildFile; fileRef = 7C5FE0C113258F0D0008B7DC /* main.m */; };
		7C5FE0C813258F0D0008B7DC /* LuxAppDelegate.m in Sources */ = {isa = PBXBuildFile; fileRef = 7C5FE0C713258F0D0008B7DC /* LuxAppDelegate.m */; };
		7C5FE0E21325CA600008B7DC /* LStoredObject.m in Sources */ = {isa = PBXBuildFile; fileRef = 7C5FE0E11325CA600008B7DC /* LStoredObject.m */; };
		7C5FE0E81325CA8C0008B7DC /* LGuiObject.m in Sources */ = {isa = PBXBuildFile; fileRef = 7C5FE0E71325CA8C0008B7DC /* LGuiObject.m */; };
		7C5FE0EB1325CAA50008B7DC /* LControllerObject.m in Sources */ = {isa = PBXBuildFile; fileRef = 7C5FE0EA1325CAA50008B7DC /* LControllerObject.m */; };
		7C5FE0EE1325CAB50008B7DC /* LSingleton.m in Sources */ = {isa = PBXBuildFile; fileRef = 7C5FE0ED1325CAB40008B7DC /* LSingleton.m */; };
		7C5FE0F11325CC2D0008B7DC /* Lux.m in Sources */ = {isa = PBXBuildFile; fileRef = 7C5FE0F01325CC2B0008B7DC /* Lux.m */; };
		7C67EA8F132AC95800E055B2 /* LPlayerController.m in Sources */ = {isa = PBXBuildFile; fileRef = 7C67EA8E132AC95800E055B2 /* LPlayerController.m */; };
		7C67EA92132AC97F00E055B2 /* LPlayerGui.m in Sources */ = {isa = PBXBuildFile; fileRef = 7C67EA91132AC97F00E055B2 /* LPlayerGui.m */; };
		7C67EA95132AC9CA00E055B2 /* LPlayer_QTKit.m in Sources */ = {isa = PBXBuildFile; fileRef = 7C67EA94132AC9CA00E055B2 /* LPlayer_QTKit.m */; };
		7C67EA97132ACF9900E055B2 /* QTKit.framework in Frameworks */ = {isa = PBXBuildFile; fileRef = 7C67EA96132ACF9900E055B2 /* QTKit.framework */; };
		7C772136133D355E0078411C /* icon.icns in Resources */ = {isa = PBXBuildFile; fileRef = 7C772135133D355E0078411C /* icon.icns */; };
		7C93D4301346A24700880297 /* AppleRemote.m in Sources */ = {isa = PBXBuildFile; fileRef = 7C93D4281346A24700880297 /* AppleRemote.m */; };
		7C93D4311346A24700880297 /* HIDRemoteControlDevice.m in Sources */ = {isa = PBXBuildFile; fileRef = 7C93D42A1346A24700880297 /* HIDRemoteControlDevice.m */; };
		7C93D4321346A24700880297 /* license.txt in Resources */ = {isa = PBXBuildFile; fileRef = 7C93D42B1346A24700880297 /* license.txt */; };
		7C93D4331346A24700880297 /* MultiClickRemoteBehavior.m in Sources */ = {isa = PBXBuildFile; fileRef = 7C93D42D1346A24700880297 /* MultiClickRemoteBehavior.m */; };
		7C93D4341346A24700880297 /* RemoteControl.m in Sources */ = {isa = PBXBuildFile; fileRef = 7C93D42F1346A24700880297 /* RemoteControl.m */; };
		7C9D5D831345266400971F3F /* LTableHeaderCell.m in Sources */ = {isa = PBXBuildFile; fileRef = 7C9D5D821345266400971F3F /* LTableHeaderCell.m */; };
		7CC5F5BF133EB3A600D82E44 /* LFileController.m in Sources */ = {isa = PBXBuildFile; fileRef = 7CC5F5BE133EB3A600D82E44 /* LFileController.m */; };
		7CDC964B13400E3900D59F77 /* Pause.pdf in Resources */ = {isa = PBXBuildFile; fileRef = 7CDC964A13400E3900D59F77 /* Pause.pdf */; };
		7CDC965C13401AD300D59F77 /* LOutlineView.m in Sources */ = {isa = PBXBuildFile; fileRef = 7CDC965B13401AD300D59F77 /* LOutlineView.m */; };
		7CF940FD1326EF92004526D0 /* LFileGui.m in Sources */ = {isa = PBXBuildFile; fileRef = 7CF940FC1326EF92004526D0 /* LFileGui.m */; };
		D9256E151343D1E1008B4045 /* repeatOFF.png in Resources */ = {isa = PBXBuildFile; fileRef = D9256E111343D1E1008B4045 /* repeatOFF.png */; };
		D9256E161343D1E1008B4045 /* repeatON.png in Resources */ = {isa = PBXBuildFile; fileRef = D9256E121343D1E1008B4045 /* repeatON.png */; };
		D9256E171343D1E1008B4045 /* shuffleON.png in Resources */ = {isa = PBXBuildFile; fileRef = D9256E131343D1E1008B4045 /* shuffleON.png */; };
		D9256E181343D1E1008B4045 /* shuffleOFF.png in Resources */ = {isa = PBXBuildFile; fileRef = D9256E141343D1E1008B4045 /* shuffleOFF.png */; };
		D9256E1E1343D951008B4045 /* plusOFF.png in Resources */ = {isa = PBXBuildFile; fileRef = D9256E1D1343D951008B4045 /* plusOFF.png */; };
		D9A8FFC5134B78CE00A8FE6A /* Localizable.strings in Resources */ = {isa = PBXBuildFile; fileRef = D9A8FFC2134B78CE00A8FE6A /* Localizable.strings */; };
		D9CFAEF5134B98BA00DACAC1 /* LMetadata_OtherFormats.m in Sources */ = {isa = PBXBuildFile; fileRef = D9CFAEF4134B98BA00DACAC1 /* LMetadata_OtherFormats.m */; };
		D9D8F4EC134B7A96003697AB /* MainMenu.xib in Resources */ = {isa = PBXBuildFile; fileRef = D9D8F4EB134B7A96003697AB /* MainMenu.xib */; };
		D9D8F4EF134B7AD1003697AB /* Credits.rtf in Resources */ = {isa = PBXBuildFile; fileRef = D9D8F4ED134B7AD1003697AB /* Credits.rtf */; };
		D9D8F4F0134B7AD1003697AB /* InfoPlist.strings in Resources */ = {isa = PBXBuildFile; fileRef = D9D8F4EE134B7AD1003697AB /* InfoPlist.strings */; };
		D9E10429134A450D009D3015 /* PanelWithIndicator.m in Sources */ = {isa = PBXBuildFile; fileRef = D9E10427134A450D009D3015 /* PanelWithIndicator.m */; };
		D9E1042A134A450D009D3015 /* Panel.xib in Resources */ = {isa = PBXBuildFile; fileRef = D9E10428134A450D009D3015 /* Panel.xib */; };
		D9E10436134A63EF009D3015 /* LSplitView.m in Sources */ = {isa = PBXBuildFile; fileRef = D9E10435134A63EF009D3015 /* LSplitView.m */; };
		D9F2453C133FED7A0060B569 /* Sparkle.framework in Frameworks */ = {isa = PBXBuildFile; fileRef = D9F2453B133FED7A0060B569 /* Sparkle.framework */; };
		D9F2453E133FED840060B569 /* Sparkle.framework in CopyFiles */ = {isa = PBXBuildFile; fileRef = D9F2453B133FED7A0060B569 /* Sparkle.framework */; };
/* End PBXBuildFile section */

/* Begin PBXCopyFilesBuildPhase section */
		7A2E6019133FC17D00DFA2D7 /* CopyFiles */ = {
			isa = PBXCopyFilesBuildPhase;
			buildActionMask = 2147483647;
			dstPath = "";
			dstSubfolderSpec = 10;
			files = (
				7A2E601D133FD1DD00DFA2D7 /* Growl.framework in CopyFiles */,
				D9F2453E133FED840060B569 /* Sparkle.framework in CopyFiles */,
			);
			runOnlyForDeploymentPostprocessing = 0;
		};
/* End PBXCopyFilesBuildPhase section */

/* Begin PBXFileReference section */
		7A2E601B133FC21200DFA2D7 /* Growl.framework */ = {isa = PBXFileReference; lastKnownFileType = wrapper.framework; path = Growl.framework; sourceTree = "<group>"; };
		7A89531C133F7BAB004F7FA6 /* Growl Registration Ticket.growlRegDict */ = {isa = PBXFileReference; fileEncoding = 4; lastKnownFileType = text.xml; path = "Growl Registration Ticket.growlRegDict"; sourceTree = "<group>"; };
		7A895375133FBC60004F7FA6 /* OSAKit.framework */ = {isa = PBXFileReference; lastKnownFileType = wrapper.framework; name = OSAKit.framework; path = System/Library/Frameworks/OSAKit.framework; sourceTree = SDKROOT; };
		7C05ED8A133045E100986D46 /* LMetadataController.h */ = {isa = PBXFileReference; fileEncoding = 4; lastKnownFileType = sourcecode.c.h; name = LMetadataController.h; path = Classes/LMetadataController.h; sourceTree = SOURCE_ROOT; };
		7C05ED8B133045E500986D46 /* LMetadataController.m */ = {isa = PBXFileReference; fileEncoding = 4; lastKnownFileType = sourcecode.c.objc; name = LMetadataController.m; path = Classes/LMetadataController.m; sourceTree = SOURCE_ROOT; };
		7C06030E13318110000C0556 /* LMetadata_MP3.h */ = {isa = PBXFileReference; fileEncoding = 4; lastKnownFileType = sourcecode.c.h; name = LMetadata_MP3.h; path = Classes/LMetadata_MP3.h; sourceTree = SOURCE_ROOT; };
		7C06030F13318110000C0556 /* LMetadata_MP3.m */ = {isa = PBXFileReference; fileEncoding = 4; lastKnownFileType = sourcecode.c.objc; name = LMetadata_MP3.m; path = Classes/LMetadata_MP3.m; sourceTree = SOURCE_ROOT; };
		7C06031213318203000C0556 /* AudioToolbox.framework */ = {isa = PBXFileReference; lastKnownFileType = wrapper.framework; path = AudioToolbox.framework; sourceTree = "<group>"; };
		7C06031513319B12000C0556 /* Play.pdf */ = {isa = PBXFileReference; lastKnownFileType = image.pdf; name = Play.pdf; path = Images/Play.pdf; sourceTree = SOURCE_ROOT; };
		7C0603171331AD19000C0556 /* Backward.pdf */ = {isa = PBXFileReference; lastKnownFileType = image.pdf; name = Backward.pdf; path = Images/Backward.pdf; sourceTree = SOURCE_ROOT; };
		7C0603191331AD2F000C0556 /* Forward.pdf */ = {isa = PBXFileReference; lastKnownFileType = image.pdf; name = Forward.pdf; path = Images/Forward.pdf; sourceTree = SOURCE_ROOT; };
		7C0B06CA13442B2900C23399 /* NSArrayCategory.h */ = {isa = PBXFileReference; fileEncoding = 4; lastKnownFileType = sourcecode.c.h; name = NSArrayCategory.h; path = Classes/NSArrayCategory.h; sourceTree = SOURCE_ROOT; };
		7C0B06CB13442B2900C23399 /* NSArrayCategory.m */ = {isa = PBXFileReference; fileEncoding = 4; lastKnownFileType = sourcecode.c.objc; name = NSArrayCategory.m; path = Classes/NSArrayCategory.m; sourceTree = SOURCE_ROOT; };
		7C0F786C134A72800009C016 /* LuxGui.h */ = {isa = PBXFileReference; fileEncoding = 4; lastKnownFileType = sourcecode.c.h; name = LuxGui.h; path = Classes/LuxGui.h; sourceTree = SOURCE_ROOT; };
		7C0F786D134A72800009C016 /* LuxGui.m */ = {isa = PBXFileReference; fileEncoding = 4; lastKnownFileType = sourcecode.c.objc; name = LuxGui.m; path = Classes/LuxGui.m; sourceTree = SOURCE_ROOT; };
		7C22E7131344F28B00A46AB7 /* NSStringCategory.h */ = {isa = PBXFileReference; fileEncoding = 4; lastKnownFileType = sourcecode.c.h; name = NSStringCategory.h; path = Classes/NSStringCategory.h; sourceTree = SOURCE_ROOT; };
		7C22E7141344F28B00A46AB7 /* NSStringCategory.m */ = {isa = PBXFileReference; fileEncoding = 4; lastKnownFileType = sourcecode.c.objc; name = NSStringCategory.m; path = Classes/NSStringCategory.m; sourceTree = SOURCE_ROOT; };
		7C2811C81346817700F5169A /* LApplication.h */ = {isa = PBXFileReference; fileEncoding = 4; lastKnownFileType = sourcecode.c.h; name = LApplication.h; path = Classes/LApplication.h; sourceTree = SOURCE_ROOT; };
		7C2811C91346817700F5169A /* LApplication.m */ = {isa = PBXFileReference; fileEncoding = 4; lastKnownFileType = sourcecode.c.objc; name = LApplication.m; path = Classes/LApplication.m; sourceTree = SOURCE_ROOT; };
		7C2811CC1346822100F5169A /* IOKit.framework */ = {isa = PBXFileReference; lastKnownFileType = wrapper.framework; path = IOKit.framework; sourceTree = "<group>"; };
		7C2B7C34133EBBEC001BD5DC /* LExtensionController.h */ = {isa = PBXFileReference; fileEncoding = 4; lastKnownFileType = sourcecode.c.h; name = LExtensionController.h; path = Classes/LExtensionController.h; sourceTree = SOURCE_ROOT; };
		7C2B7C35133EBBEC001BD5DC /* LExtensionController.m */ = {isa = PBXFileReference; fileEncoding = 4; lastKnownFileType = sourcecode.c.objc; name = LExtensionController.m; path = Classes/LExtensionController.m; sourceTree = SOURCE_ROOT; };
		7C2B7C37133EBC0F001BD5DC /* LPlaylist.h */ = {isa = PBXFileReference; fileEncoding = 4; lastKnownFileType = sourcecode.c.h; name = LPlaylist.h; path = Classes/LPlaylist.h; sourceTree = SOURCE_ROOT; };
		7C2B7C38133EBC0F001BD5DC /* LPlaylist.m */ = {isa = PBXFileReference; fileEncoding = 4; lastKnownFileType = sourcecode.c.objc; name = LPlaylist.m; path = Classes/LPlaylist.m; sourceTree = SOURCE_ROOT; };
		7C2B7C39133EBC0F001BD5DC /* LPlaylistController.h */ = {isa = PBXFileReference; fileEncoding = 4; lastKnownFileType = sourcecode.c.h; name = LPlaylistController.h; path = Classes/LPlaylistController.h; sourceTree = SOURCE_ROOT; };
		7C2B7C3A133EBC0F001BD5DC /* LPlaylistController.m */ = {isa = PBXFileReference; fileEncoding = 4; lastKnownFileType = sourcecode.c.objc; name = LPlaylistController.m; path = Classes/LPlaylistController.m; sourceTree = SOURCE_ROOT; };
		7C329B691325D6B000377547 /* LFile.h */ = {isa = PBXFileReference; fileEncoding = 4; lastKnownFileType = sourcecode.c.h; name = LFile.h; path = Classes/LFile.h; sourceTree = SOURCE_ROOT; };
		7C329B6A1325D6B000377547 /* LFile.m */ = {isa = PBXFileReference; fileEncoding = 4; lastKnownFileType = sourcecode.c.objc; name = LFile.m; path = Classes/LFile.m; sourceTree = SOURCE_ROOT; };
		7C329B711325DDBA00377547 /* LExtension.h */ = {isa = PBXFileReference; fileEncoding = 4; lastKnownFileType = sourcecode.c.h; name = LExtension.h; path = Classes/LExtension.h; sourceTree = SOURCE_ROOT; };
		7C329B721325DDBB00377547 /* LExtension.m */ = {isa = PBXFileReference; fileEncoding = 4; lastKnownFileType = sourcecode.c.objc; name = LExtension.m; path = Classes/LExtension.m; sourceTree = SOURCE_ROOT; };
		7C356053134A807400C41FF6 /* LPlayerVideo.h */ = {isa = PBXFileReference; fileEncoding = 4; lastKnownFileType = sourcecode.c.h; name = LPlayerVideo.h; path = Classes/LPlayerVideo.h; sourceTree = SOURCE_ROOT; };
		7C356054134A807500C41FF6 /* LPlayerVideo.m */ = {isa = PBXFileReference; fileEncoding = 4; lastKnownFileType = sourcecode.c.objc; name = LPlayerVideo.m; path = Classes/LPlayerVideo.m; sourceTree = SOURCE_ROOT; };
		7C38269E133C595100FDD40E /* LTableView.h */ = {isa = PBXFileReference; fileEncoding = 4; lastKnownFileType = sourcecode.c.h; name = LTableView.h; path = Classes/LTableView.h; sourceTree = SOURCE_ROOT; };
		7C38269F133C595200FDD40E /* LTableView.m */ = {isa = PBXFileReference; fileEncoding = 4; lastKnownFileType = sourcecode.c.objc; name = LTableView.m; path = Classes/LTableView.m; sourceTree = SOURCE_ROOT; };
		7C3B909313285D1B007B7DA5 /* _Test.h */ = {isa = PBXFileReference; fileEncoding = 4; lastKnownFileType = sourcecode.c.h; name = _Test.h; path = Classes/_Test.h; sourceTree = SOURCE_ROOT; };
		7C3B909413285D1C007B7DA5 /* _Test.m */ = {isa = PBXFileReference; fileEncoding = 4; lastKnownFileType = sourcecode.c.objc; name = _Test.m; path = Classes/_Test.m; sourceTree = SOURCE_ROOT; };
		7C3B909913286BF8007B7DA5 /* LPlaylistGui.h */ = {isa = PBXFileReference; fileEncoding = 4; lastKnownFileType = sourcecode.c.h; name = LPlaylistGui.h; path = Classes/LPlaylistGui.h; sourceTree = SOURCE_ROOT; };
		7C3B909A13286BF8007B7DA5 /* LPlaylistGui.m */ = {isa = PBXFileReference; fileEncoding = 4; lastKnownFileType = sourcecode.c.objc; name = LPlaylistGui.m; path = Classes/LPlaylistGui.m; sourceTree = SOURCE_ROOT; };
		7C3B909C1328A750007B7DA5 /* NSOutlineView+Lux.h */ = {isa = PBXFileReference; fileEncoding = 4; lastKnownFileType = sourcecode.c.h; name = "NSOutlineView+Lux.h"; path = "Classes/NSOutlineView+Lux.h"; sourceTree = SOURCE_ROOT; };
		7C3B909D1328A752007B7DA5 /* NSOutlineView+Lux.m */ = {isa = PBXFileReference; fileEncoding = 4; lastKnownFileType = sourcecode.c.objc; name = "NSOutlineView+Lux.m"; path = "Classes/NSOutlineView+Lux.m"; sourceTree = SOURCE_ROOT; };
		7C5132C81325E76900469177 /* LInputOutputController.h */ = {isa = PBXFileReference; fileEncoding = 4; lastKnownFileType = sourcecode.c.h; name = LInputOutputController.h; path = Classes/LInputOutputController.h; sourceTree = SOURCE_ROOT; };
		7C5132C91325E76A00469177 /* LInputOutputController.m */ = {isa = PBXFileReference; fileEncoding = 4; lastKnownFileType = sourcecode.c.objc; name = LInputOutputController.m; path = Classes/LInputOutputController.m; sourceTree = SOURCE_ROOT; };
		7C58363D13260BA300B81F6C /* LInputOutput_Computer.h */ = {isa = PBXFileReference; fileEncoding = 4; lastKnownFileType = sourcecode.c.h; name = LInputOutput_Computer.h; path = Classes/LInputOutput_Computer.h; sourceTree = SOURCE_ROOT; };
		7C58363E13260BA300B81F6C /* LInputOutput_Computer.m */ = {isa = PBXFileReference; fileEncoding = 4; lastKnownFileType = sourcecode.c.objc; name = LInputOutput_Computer.m; path = Classes/LInputOutput_Computer.m; sourceTree = SOURCE_ROOT; };
		7C5836411326103000B81F6C /* LFileController.h */ = {isa = PBXFileReference; fileEncoding = 4; lastKnownFileType = sourcecode.c.h; name = LFileController.h; path = Classes/LFileController.h; sourceTree = SOURCE_ROOT; };
		7C58364413261AA600B81F6C /* LFileType.h */ = {isa = PBXFileReference; fileEncoding = 4; lastKnownFileType = sourcecode.c.h; name = LFileType.h; path = Classes/LFileType.h; sourceTree = SOURCE_ROOT; };
		7C5FE0B013258F0D0008B7DC /* Lux.app */ = {isa = PBXFileReference; explicitFileType = wrapper.application; includeInIndex = 0; path = Lux.app; sourceTree = BUILT_PRODUCTS_DIR; };
		7C5FE0B413258F0D0008B7DC /* Cocoa.framework */ = {isa = PBXFileReference; lastKnownFileType = wrapper.framework; name = Cocoa.framework; path = System/Library/Frameworks/Cocoa.framework; sourceTree = SDKROOT; };
		7C5FE0B713258F0D0008B7DC /* AppKit.framework */ = {isa = PBXFileReference; lastKnownFileType = wrapper.framework; name = AppKit.framework; path = System/Library/Frameworks/AppKit.framework; sourceTree = SDKROOT; };
		7C5FE0B813258F0D0008B7DC /* CoreData.framework */ = {isa = PBXFileReference; lastKnownFileType = wrapper.framework; name = CoreData.framework; path = System/Library/Frameworks/CoreData.framework; sourceTree = SDKROOT; };
		7C5FE0B913258F0D0008B7DC /* Foundation.framework */ = {isa = PBXFileReference; lastKnownFileType = wrapper.framework; name = Foundation.framework; path = System/Library/Frameworks/Foundation.framework; sourceTree = SDKROOT; };
		7C5FE0BC13258F0D0008B7DC /* Lux-Info.plist */ = {isa = PBXFileReference; lastKnownFileType = text.plist.xml; path = "Lux-Info.plist"; sourceTree = "<group>"; };
		7C5FE0C013258F0D0008B7DC /* Lux-Prefix.pch */ = {isa = PBXFileReference; lastKnownFileType = sourcecode.c.h; path = "Lux-Prefix.pch"; sourceTree = "<group>"; };
		7C5FE0C113258F0D0008B7DC /* main.m */ = {isa = PBXFileReference; lastKnownFileType = sourcecode.c.objc; name = main.m; path = Classes/main.m; sourceTree = SOURCE_ROOT; };
		7C5FE0C613258F0D0008B7DC /* LuxAppDelegate.h */ = {isa = PBXFileReference; lastKnownFileType = sourcecode.c.h; name = LuxAppDelegate.h; path = Classes/LuxAppDelegate.h; sourceTree = SOURCE_ROOT; };
		7C5FE0C713258F0D0008B7DC /* LuxAppDelegate.m */ = {isa = PBXFileReference; lastKnownFileType = sourcecode.c.objc; name = LuxAppDelegate.m; path = Classes/LuxAppDelegate.m; sourceTree = SOURCE_ROOT; };
		7C5FE0E01325CA600008B7DC /* LStoredObject.h */ = {isa = PBXFileReference; fileEncoding = 4; lastKnownFileType = sourcecode.c.h; name = LStoredObject.h; path = Classes/LStoredObject.h; sourceTree = SOURCE_ROOT; };
		7C5FE0E11325CA600008B7DC /* LStoredObject.m */ = {isa = PBXFileReference; fileEncoding = 4; lastKnownFileType = sourcecode.c.objc; name = LStoredObject.m; path = Classes/LStoredObject.m; sourceTree = SOURCE_ROOT; };
		7C5FE0E61325CA8C0008B7DC /* LGuiObject.h */ = {isa = PBXFileReference; fileEncoding = 4; lastKnownFileType = sourcecode.c.h; name = LGuiObject.h; path = Classes/LGuiObject.h; sourceTree = SOURCE_ROOT; };
		7C5FE0E71325CA8C0008B7DC /* LGuiObject.m */ = {isa = PBXFileReference; fileEncoding = 4; lastKnownFileType = sourcecode.c.objc; name = LGuiObject.m; path = Classes/LGuiObject.m; sourceTree = SOURCE_ROOT; };
		7C5FE0E91325CAA50008B7DC /* LControllerObject.h */ = {isa = PBXFileReference; fileEncoding = 4; lastKnownFileType = sourcecode.c.h; name = LControllerObject.h; path = Classes/LControllerObject.h; sourceTree = SOURCE_ROOT; };
		7C5FE0EA1325CAA50008B7DC /* LControllerObject.m */ = {isa = PBXFileReference; fileEncoding = 4; lastKnownFileType = sourcecode.c.objc; name = LControllerObject.m; path = Classes/LControllerObject.m; sourceTree = SOURCE_ROOT; };
		7C5FE0EC1325CAB40008B7DC /* LSingleton.h */ = {isa = PBXFileReference; fileEncoding = 4; lastKnownFileType = sourcecode.c.h; name = LSingleton.h; path = Classes/LSingleton.h; sourceTree = SOURCE_ROOT; };
		7C5FE0ED1325CAB40008B7DC /* LSingleton.m */ = {isa = PBXFileReference; fileEncoding = 4; lastKnownFileType = sourcecode.c.objc; name = LSingleton.m; path = Classes/LSingleton.m; sourceTree = SOURCE_ROOT; };
		7C5FE0EF1325CC2B0008B7DC /* Lux.h */ = {isa = PBXFileReference; fileEncoding = 4; lastKnownFileType = sourcecode.c.h; name = Lux.h; path = Classes/Lux.h; sourceTree = SOURCE_ROOT; };
		7C5FE0F01325CC2B0008B7DC /* Lux.m */ = {isa = PBXFileReference; fileEncoding = 4; lastKnownFileType = sourcecode.c.objc; name = Lux.m; path = Classes/Lux.m; sourceTree = SOURCE_ROOT; };
		7C67EA8D132AC95800E055B2 /* LPlayerController.h */ = {isa = PBXFileReference; fileEncoding = 4; lastKnownFileType = sourcecode.c.h; name = LPlayerController.h; path = Classes/LPlayerController.h; sourceTree = SOURCE_ROOT; };
		7C67EA8E132AC95800E055B2 /* LPlayerController.m */ = {isa = PBXFileReference; fileEncoding = 4; lastKnownFileType = sourcecode.c.objc; name = LPlayerController.m; path = Classes/LPlayerController.m; sourceTree = SOURCE_ROOT; };
		7C67EA90132AC97F00E055B2 /* LPlayerGui.h */ = {isa = PBXFileReference; fileEncoding = 4; lastKnownFileType = sourcecode.c.h; name = LPlayerGui.h; path = Classes/LPlayerGui.h; sourceTree = SOURCE_ROOT; };
		7C67EA91132AC97F00E055B2 /* LPlayerGui.m */ = {isa = PBXFileReference; fileEncoding = 4; lastKnownFileType = sourcecode.c.objc; name = LPlayerGui.m; path = Classes/LPlayerGui.m; sourceTree = SOURCE_ROOT; };
		7C67EA93132AC9CA00E055B2 /* LPlayer_QTKit.h */ = {isa = PBXFileReference; fileEncoding = 4; lastKnownFileType = sourcecode.c.h; name = LPlayer_QTKit.h; path = Classes/LPlayer_QTKit.h; sourceTree = SOURCE_ROOT; };
		7C67EA94132AC9CA00E055B2 /* LPlayer_QTKit.m */ = {isa = PBXFileReference; fileEncoding = 4; lastKnownFileType = sourcecode.c.objc; name = LPlayer_QTKit.m; path = Classes/LPlayer_QTKit.m; sourceTree = SOURCE_ROOT; };
		7C67EA96132ACF9900E055B2 /* QTKit.framework */ = {isa = PBXFileReference; lastKnownFileType = wrapper.framework; path = QTKit.framework; sourceTree = "<group>"; };
		7C772135133D355E0078411C /* icon.icns */ = {isa = PBXFileReference; lastKnownFileType = image.icns; path = icon.icns; sourceTree = "<group>"; };
		7C93D4271346A24700880297 /* AppleRemote.h */ = {isa = PBXFileReference; fileEncoding = 4; lastKnownFileType = sourcecode.c.h; name = AppleRemote.h; path = Classes/AppleRemote.h; sourceTree = SOURCE_ROOT; };
		7C93D4281346A24700880297 /* AppleRemote.m */ = {isa = PBXFileReference; fileEncoding = 4; lastKnownFileType = sourcecode.c.objc; name = AppleRemote.m; path = Classes/AppleRemote.m; sourceTree = SOURCE_ROOT; };
		7C93D4291346A24700880297 /* HIDRemoteControlDevice.h */ = {isa = PBXFileReference; fileEncoding = 4; lastKnownFileType = sourcecode.c.h; name = HIDRemoteControlDevice.h; path = Classes/HIDRemoteControlDevice.h; sourceTree = SOURCE_ROOT; };
		7C93D42A1346A24700880297 /* HIDRemoteControlDevice.m */ = {isa = PBXFileReference; fileEncoding = 4; lastKnownFileType = sourcecode.c.objc; name = HIDRemoteControlDevice.m; path = Classes/HIDRemoteControlDevice.m; sourceTree = SOURCE_ROOT; };
		7C93D42B1346A24700880297 /* license.txt */ = {isa = PBXFileReference; fileEncoding = 4; lastKnownFileType = text; path = license.txt; sourceTree = "<group>"; };
		7C93D42C1346A24700880297 /* MultiClickRemoteBehavior.h */ = {isa = PBXFileReference; fileEncoding = 4; lastKnownFileType = sourcecode.c.h; name = MultiClickRemoteBehavior.h; path = Classes/MultiClickRemoteBehavior.h; sourceTree = SOURCE_ROOT; };
		7C93D42D1346A24700880297 /* MultiClickRemoteBehavior.m */ = {isa = PBXFileReference; fileEncoding = 4; lastKnownFileType = sourcecode.c.objc; name = MultiClickRemoteBehavior.m; path = Classes/MultiClickRemoteBehavior.m; sourceTree = SOURCE_ROOT; };
		7C93D42E1346A24700880297 /* RemoteControl.h */ = {isa = PBXFileReference; fileEncoding = 4; lastKnownFileType = sourcecode.c.h; name = RemoteControl.h; path = Classes/RemoteControl.h; sourceTree = SOURCE_ROOT; };
		7C93D42F1346A24700880297 /* RemoteControl.m */ = {isa = PBXFileReference; fileEncoding = 4; lastKnownFileType = sourcecode.c.objc; name = RemoteControl.m; path = Classes/RemoteControl.m; sourceTree = SOURCE_ROOT; };
		7C9D5D811345266400971F3F /* LTableHeaderCell.h */ = {isa = PBXFileReference; fileEncoding = 4; lastKnownFileType = sourcecode.c.h; name = LTableHeaderCell.h; path = Classes/LTableHeaderCell.h; sourceTree = SOURCE_ROOT; };
		7C9D5D821345266400971F3F /* LTableHeaderCell.m */ = {isa = PBXFileReference; fileEncoding = 4; lastKnownFileType = sourcecode.c.objc; name = LTableHeaderCell.m; path = Classes/LTableHeaderCell.m; sourceTree = SOURCE_ROOT; };
		7CC5F5BE133EB3A600D82E44 /* LFileController.m */ = {isa = PBXFileReference; fileEncoding = 4; lastKnownFileType = sourcecode.c.objc; name = LFileController.m; path = Classes/LFileController.m; sourceTree = SOURCE_ROOT; };
		7CDC964A13400E3900D59F77 /* Pause.pdf */ = {isa = PBXFileReference; lastKnownFileType = image.pdf; name = Pause.pdf; path = Images/Pause.pdf; sourceTree = SOURCE_ROOT; };
		7CDC965A13401AD300D59F77 /* LOutlineView.h */ = {isa = PBXFileReference; fileEncoding = 4; lastKnownFileType = sourcecode.c.h; name = LOutlineView.h; path = Classes/LOutlineView.h; sourceTree = SOURCE_ROOT; };
		7CDC965B13401AD300D59F77 /* LOutlineView.m */ = {isa = PBXFileReference; fileEncoding = 4; lastKnownFileType = sourcecode.c.objc; name = LOutlineView.m; path = Classes/LOutlineView.m; sourceTree = SOURCE_ROOT; };
		7CF940FB1326EF92004526D0 /* LFileGui.h */ = {isa = PBXFileReference; fileEncoding = 4; lastKnownFileType = sourcecode.c.h; name = LFileGui.h; path = Classes/LFileGui.h; sourceTree = SOURCE_ROOT; };
		7CF940FC1326EF92004526D0 /* LFileGui.m */ = {isa = PBXFileReference; fileEncoding = 4; lastKnownFileType = sourcecode.c.objc; name = LFileGui.m; path = Classes/LFileGui.m; sourceTree = SOURCE_ROOT; };
		D9256E111343D1E1008B4045 /* repeatOFF.png */ = {isa = PBXFileReference; lastKnownFileType = image.png; name = repeatOFF.png; path = Images/repeatOFF.png; sourceTree = SOURCE_ROOT; };
		D9256E121343D1E1008B4045 /* repeatON.png */ = {isa = PBXFileReference; lastKnownFileType = image.png; name = repeatON.png; path = Images/repeatON.png; sourceTree = SOURCE_ROOT; };
		D9256E131343D1E1008B4045 /* shuffleON.png */ = {isa = PBXFileReference; lastKnownFileType = image.png; name = shuffleON.png; path = Images/shuffleON.png; sourceTree = SOURCE_ROOT; };
		D9256E141343D1E1008B4045 /* shuffleOFF.png */ = {isa = PBXFileReference; lastKnownFileType = image.png; name = shuffleOFF.png; path = Images/shuffleOFF.png; sourceTree = SOURCE_ROOT; };
		D9256E1D1343D951008B4045 /* plusOFF.png */ = {isa = PBXFileReference; lastKnownFileType = image.png; name = plusOFF.png; path = Images/plusOFF.png; sourceTree = SOURCE_ROOT; };
		D941630E134B7F72007CC825 /* es */ = {isa = PBXFileReference; lastKnownFileType = text.plist.strings; name = es; path = es.lproj/Localizable.strings; sourceTree = "<group>"; };
		D941630F134B7F76007CC825 /* ja */ = {isa = PBXFileReference; lastKnownFileType = text.plist.strings; name = ja; path = ja.lproj/Localizable.strings; sourceTree = "<group>"; };
		D9416310134B7F79007CC825 /* de */ = {isa = PBXFileReference; lastKnownFileType = text.plist.strings; name = de; path = de.lproj/Localizable.strings; sourceTree = "<group>"; };
		D9416311134B7F7B007CC825 /* it */ = {isa = PBXFileReference; lastKnownFileType = text.plist.strings; name = it; path = it.lproj/Localizable.strings; sourceTree = "<group>"; };
		D9416312134B7F7D007CC825 /* pt */ = {isa = PBXFileReference; lastKnownFileType = text.plist.strings; name = pt; path = pt.lproj/Localizable.strings; sourceTree = "<group>"; };
		D9416313134B7F80007CC825 /* nl */ = {isa = PBXFileReference; lastKnownFileType = text.plist.strings; name = nl; path = nl.lproj/Localizable.strings; sourceTree = "<group>"; };
		D9416314134B7F83007CC825 /* ru */ = {isa = PBXFileReference; lastKnownFileType = text.plist.strings; name = ru; path = ru.lproj/Localizable.strings; sourceTree = "<group>"; };
		D9416315134B7F86007CC825 /* sv */ = {isa = PBXFileReference; lastKnownFileType = text.plist.strings; name = sv; path = sv.lproj/Localizable.strings; sourceTree = "<group>"; };
		D9416316134B7F88007CC825 /* ko */ = {isa = PBXFileReference; lastKnownFileType = text.plist.strings; name = ko; path = ko.lproj/Localizable.strings; sourceTree = "<group>"; };
		D9416317134B7F8B007CC825 /* da */ = {isa = PBXFileReference; lastKnownFileType = text.plist.strings; name = da; path = da.lproj/Localizable.strings; sourceTree = "<group>"; };
		D9416318134B7F8E007CC825 /* pl */ = {isa = PBXFileReference; lastKnownFileType = text.plist.strings; name = pl; path = pl.lproj/Localizable.strings; sourceTree = "<group>"; };
		D9416319134B7F90007CC825 /* pt-PT */ = {isa = PBXFileReference; lastKnownFileType = text.plist.strings; name = "pt-PT"; path = "pt-PT.lproj/Localizable.strings"; sourceTree = "<group>"; };
		D941631A134B7F93007CC825 /* fi */ = {isa = PBXFileReference; lastKnownFileType = text.plist.strings; name = fi; path = fi.lproj/Localizable.strings; sourceTree = "<group>"; };
		D9A8FFC3134B78CE00A8FE6A /* English */ = {isa = PBXFileReference; lastKnownFileType = text.plist.strings; name = English; path = English.lproj/English.lproj/Localizable.strings; sourceTree = "<group>"; };
		D9A8FFC4134B78CE00A8FE6A /* fr */ = {isa = PBXFileReference; fileEncoding = 4; lastKnownFileType = text.plist.strings; name = fr; path = fr.lproj/fr.lproj/Localizable.strings; sourceTree = "<group>"; };
		D9CFAEF3134B98BA00DACAC1 /* LMetadata_OtherFormats.h */ = {isa = PBXFileReference; fileEncoding = 4; lastKnownFileType = sourcecode.c.h; path = LMetadata_OtherFormats.h; sourceTree = "<group>"; };
		D9CFAEF4134B98BA00DACAC1 /* LMetadata_OtherFormats.m */ = {isa = PBXFileReference; fileEncoding = 4; lastKnownFileType = sourcecode.c.objc; path = LMetadata_OtherFormats.m; sourceTree = "<group>"; };
		D9D8F4EB134B7A96003697AB /* MainMenu.xib */ = {isa = PBXFileReference; fileEncoding = 4; lastKnownFileType = file.xib; name = MainMenu.xib; path = XIB/MainMenu.xib; sourceTree = SOURCE_ROOT; };
		D9D8F4ED134B7AD1003697AB /* Credits.rtf */ = {isa = PBXFileReference; fileEncoding = 4; lastKnownFileType = text.rtf; path = Credits.rtf; sourceTree = "<group>"; };
		D9D8F4EE134B7AD1003697AB /* InfoPlist.strings */ = {isa = PBXFileReference; fileEncoding = 4; lastKnownFileType = text.plist.strings; path = InfoPlist.strings; sourceTree = "<group>"; };
		D9D8F4F1134B7B97003697AB /* LDefinitions.h */ = {isa = PBXFileReference; fileEncoding = 4; lastKnownFileType = sourcecode.c.h; name = LDefinitions.h; path = Classes/LDefinitions.h; sourceTree = SOURCE_ROOT; };
		D9E10426134A450D009D3015 /* PanelWithIndicator.h */ = {isa = PBXFileReference; fileEncoding = 4; lastKnownFileType = sourcecode.c.h; name = PanelWithIndicator.h; path = Classes/PanelWithIndicator.h; sourceTree = SOURCE_ROOT; };
		D9E10427134A450D009D3015 /* PanelWithIndicator.m */ = {isa = PBXFileReference; fileEncoding = 4; lastKnownFileType = sourcecode.c.objc; name = PanelWithIndicator.m; path = Classes/PanelWithIndicator.m; sourceTree = SOURCE_ROOT; };
		D9E10428134A450D009D3015 /* Panel.xib */ = {isa = PBXFileReference; fileEncoding = 4; lastKnownFileType = file.xib; name = Panel.xib; path = XIB/Panel.xib; sourceTree = SOURCE_ROOT; };
		D9E10434134A63EF009D3015 /* LSplitView.h */ = {isa = PBXFileReference; fileEncoding = 4; lastKnownFileType = sourcecode.c.h; name = LSplitView.h; path = Classes/LSplitView.h; sourceTree = SOURCE_ROOT; };
		D9E10435134A63EF009D3015 /* LSplitView.m */ = {isa = PBXFileReference; fileEncoding = 4; lastKnownFileType = sourcecode.c.objc; name = LSplitView.m; path = Classes/LSplitView.m; sourceTree = SOURCE_ROOT; };
		D9F2453B133FED7A0060B569 /* Sparkle.framework */ = {isa = PBXFileReference; lastKnownFileType = wrapper.framework; path = Sparkle.framework; sourceTree = "<group>"; };
/* End PBXFileReference section */

/* Begin PBXFrameworksBuildPhase section */
		7C5FE0AD13258F0D0008B7DC /* Frameworks */ = {
			isa = PBXFrameworksBuildPhase;
			buildActionMask = 2147483647;
			files = (
				7A895376133FBC60004F7FA6 /* OSAKit.framework in Frameworks */,
				7C5FE0B513258F0D0008B7DC /* Cocoa.framework in Frameworks */,
				7C67EA97132ACF9900E055B2 /* QTKit.framework in Frameworks */,
				7C06031313318203000C0556 /* AudioToolbox.framework in Frameworks */,
				7A2E601C133FC21200DFA2D7 /* Growl.framework in Frameworks */,
				D9F2453C133FED7A0060B569 /* Sparkle.framework in Frameworks */,
				7C2811CD1346822100F5169A /* IOKit.framework in Frameworks */,
			);
			runOnlyForDeploymentPostprocessing = 0;
		};
/* End PBXFrameworksBuildPhase section */

/* Begin PBXGroup section */
		7C05ED8E1330474A00986D46 /* Metadata */ = {
			isa = PBXGroup;
			children = (
				D9CFAEF3134B98BA00DACAC1 /* LMetadata_OtherFormats.h */,
				D9CFAEF4134B98BA00DACAC1 /* LMetadata_OtherFormats.m */,
				7C06030E13318110000C0556 /* LMetadata_MP3.h */,
				7C06030F13318110000C0556 /* LMetadata_MP3.m */,
				7C05ED8A133045E100986D46 /* LMetadataController.h */,
				7C05ED8B133045E500986D46 /* LMetadataController.m */,
			);
			name = Metadata;
			sourceTree = "<group>";
		};
		7C06031413319B02000C0556 /* Images */ = {
			isa = PBXGroup;
			children = (
				D9256E1D1343D951008B4045 /* plusOFF.png */,
				D9256E111343D1E1008B4045 /* repeatOFF.png */,
				D9256E121343D1E1008B4045 /* repeatON.png */,
				D9256E131343D1E1008B4045 /* shuffleON.png */,
				D9256E141343D1E1008B4045 /* shuffleOFF.png */,
				7CDC964A13400E3900D59F77 /* Pause.pdf */,
				7C772135133D355E0078411C /* icon.icns */,
				7C06031513319B12000C0556 /* Play.pdf */,
				7C0603171331AD19000C0556 /* Backward.pdf */,
				7C0603191331AD2F000C0556 /* Forward.pdf */,
			);
			name = Images;
			sourceTree = "<group>";
		};
		7C0F786F134A72A10009C016 /* General */ = {
			isa = PBXGroup;
			children = (
				D9D8F4F1134B7B97003697AB /* LDefinitions.h */,
				7C5FE0EF1325CC2B0008B7DC /* Lux.h */,
				7C5FE0F01325CC2B0008B7DC /* Lux.m */,
				7C0F786C134A72800009C016 /* LuxGui.h */,
				7C0F786D134A72800009C016 /* LuxGui.m */,
				7C5FE0C613258F0D0008B7DC /* LuxAppDelegate.h */,
				7C5FE0C713258F0D0008B7DC /* LuxAppDelegate.m */,
				7C3B909313285D1B007B7DA5 /* _Test.h */,
				7C3B909413285D1C007B7DA5 /* _Test.m */,
			);
			name = General;
			sourceTree = "<group>";
		};
		7C0F7870134A72B70009C016 /* XIBs */ = {
			isa = PBXGroup;
			children = (
				D9D8F4EB134B7A96003697AB /* MainMenu.xib */,
				D9E10428134A450D009D3015 /* Panel.xib */,
			);
			name = XIBs;
			sourceTree = "<group>";
		};
		7C329B6D1325D6B500377547 /* File */ = {
			isa = PBXGroup;
			children = (
				7C58364413261AA600B81F6C /* LFileType.h */,
				7C329B691325D6B000377547 /* LFile.h */,
				7C329B6A1325D6B000377547 /* LFile.m */,
				7CF940FB1326EF92004526D0 /* LFileGui.h */,
				7CF940FC1326EF92004526D0 /* LFileGui.m */,
				7C5836411326103000B81F6C /* LFileController.h */,
				7CC5F5BE133EB3A600D82E44 /* LFileController.m */,
			);
			name = File;
			sourceTree = "<group>";
		};
		7C329B741325DE2E00377547 /* Extension */ = {
			isa = PBXGroup;
			children = (
				7C329B711325DDBA00377547 /* LExtension.h */,
				7C329B721325DDBB00377547 /* LExtension.m */,
				7C2B7C34133EBBEC001BD5DC /* LExtensionController.h */,
				7C2B7C35133EBBEC001BD5DC /* LExtensionController.m */,
			);
			name = Extension;
			path = ..;
			sourceTree = "<group>";
		};
		7C3826A1133C598800FDD40E /* Subclasses */ = {
			isa = PBXGroup;
			children = (
				D9E10434134A63EF009D3015 /* LSplitView.h */,
				D9E10435134A63EF009D3015 /* LSplitView.m */,
				7C38269E133C595100FDD40E /* LTableView.h */,
				7C38269F133C595200FDD40E /* LTableView.m */,
				7CDC965A13401AD300D59F77 /* LOutlineView.h */,
				7CDC965B13401AD300D59F77 /* LOutlineView.m */,
				7C9D5D811345266400971F3F /* LTableHeaderCell.h */,
				7C9D5D821345266400971F3F /* LTableHeaderCell.m */,
				7C2811C81346817700F5169A /* LApplication.h */,
				7C2811C91346817700F5169A /* LApplication.m */,
			);
			name = Subclasses;
			sourceTree = "<group>";
		};
		7C3B909F1328A794007B7DA5 /* Categories */ = {
			isa = PBXGroup;
			children = (
				7C3B909C1328A750007B7DA5 /* NSOutlineView+Lux.h */,
				7C3B909D1328A752007B7DA5 /* NSOutlineView+Lux.m */,
				7C0B06CA13442B2900C23399 /* NSArrayCategory.h */,
				7C0B06CB13442B2900C23399 /* NSArrayCategory.m */,
				7C22E7131344F28B00A46AB7 /* NSStringCategory.h */,
				7C22E7141344F28B00A46AB7 /* NSStringCategory.m */,
			);
			name = Categories;
			path = ..;
			sourceTree = "<group>";
		};
		7C5132CC1325E76E00469177 /* IO */ = {
			isa = PBXGroup;
			children = (
				7C58363D13260BA300B81F6C /* LInputOutput_Computer.h */,
				7C58363E13260BA300B81F6C /* LInputOutput_Computer.m */,
				7C5132C81325E76900469177 /* LInputOutputController.h */,
				7C5132C91325E76A00469177 /* LInputOutputController.m */,
			);
			name = IO;
			path = ..;
			sourceTree = "<group>";
		};
		7C5FE0A513258F0D0008B7DC = {
			isa = PBXGroup;
			children = (
				7C5FE0BA13258F0D0008B7DC /* Lux */,
				7C5FE0BB13258F0D0008B7DC /* Supporting Files */,
				D9A8FFC1134B78CE00A8FE6A /* Localization */,
				7C5FE0B313258F0D0008B7DC /* Frameworks */,
				7C5FE0B113258F0D0008B7DC /* Products */,
			);
			sourceTree = "<group>";
		};
		7C5FE0B113258F0D0008B7DC /* Products */ = {
			isa = PBXGroup;
			children = (
				7C5FE0B013258F0D0008B7DC /* Lux.app */,
			);
			name = Products;
			sourceTree = "<group>";
		};
		7C5FE0B313258F0D0008B7DC /* Frameworks */ = {
			isa = PBXGroup;
			children = (
				7C2811CC1346822100F5169A /* IOKit.framework */,
				D9F2453B133FED7A0060B569 /* Sparkle.framework */,
				7A2E601B133FC21200DFA2D7 /* Growl.framework */,
				7A895375133FBC60004F7FA6 /* OSAKit.framework */,
				7C06031213318203000C0556 /* AudioToolbox.framework */,
				7C67EA96132ACF9900E055B2 /* QTKit.framework */,
				7C5FE0B413258F0D0008B7DC /* Cocoa.framework */,
				7C5FE0B613258F0D0008B7DC /* Other Frameworks */,
			);
			name = Frameworks;
			sourceTree = "<group>";
		};
		7C5FE0B613258F0D0008B7DC /* Other Frameworks */ = {
			isa = PBXGroup;
			children = (
				7C5FE0B713258F0D0008B7DC /* AppKit.framework */,
				7C5FE0B813258F0D0008B7DC /* CoreData.framework */,
				7C5FE0B913258F0D0008B7DC /* Foundation.framework */,
			);
			name = "Other Frameworks";
			sourceTree = "<group>";
		};
		7C5FE0BA13258F0D0008B7DC /* Lux */ = {
			isa = PBXGroup;
			children = (
				7C06031413319B02000C0556 /* Images */,
				7C0F7870134A72B70009C016 /* XIBs */,
				7C5FE0DC1325C9C60008B7DC /* Superclasses */,
				7C0F786F134A72A10009C016 /* General */,
				7C67EA8C132AC8EB00E055B2 /* Player */,
				7C329B6D1325D6B500377547 /* File */,
				7CF9410A1326FE97004526D0 /* Playlist */,
				7C329B741325DE2E00377547 /* Extension */,
				7C05ED8E1330474A00986D46 /* Metadata */,
				7C5132CC1325E76E00469177 /* IO */,
			);
			path = Lux;
			sourceTree = "<group>";
		};
		7C5FE0BB13258F0D0008B7DC /* Supporting Files */ = {
			isa = PBXGroup;
			children = (
				D9D8F4ED134B7AD1003697AB /* Credits.rtf */,
				D9D8F4EE134B7AD1003697AB /* InfoPlist.strings */,
				D9E10426134A450D009D3015 /* PanelWithIndicator.h */,
				D9E10427134A450D009D3015 /* PanelWithIndicator.m */,
				7A89531C133F7BAB004F7FA6 /* Growl Registration Ticket.growlRegDict */,
				7C93D4251346A20E00880297 /* Apple Remote Control */,
				7C3826A1133C598800FDD40E /* Subclasses */,
				7C3B909F1328A794007B7DA5 /* Categories */,
				7C5FE0BC13258F0D0008B7DC /* Lux-Info.plist */,
				7C5FE0C013258F0D0008B7DC /* Lux-Prefix.pch */,
				7C5FE0C113258F0D0008B7DC /* main.m */,
			);
			name = "Supporting Files";
			path = Lux;
			sourceTree = "<group>";
		};
		7C5FE0DC1325C9C60008B7DC /* Superclasses */ = {
			isa = PBXGroup;
			children = (
				7C5FE0EC1325CAB40008B7DC /* LSingleton.h */,
				7C5FE0ED1325CAB40008B7DC /* LSingleton.m */,
				7C5FE0E01325CA600008B7DC /* LStoredObject.h */,
				7C5FE0E11325CA600008B7DC /* LStoredObject.m */,
				7C5FE0E61325CA8C0008B7DC /* LGuiObject.h */,
				7C5FE0E71325CA8C0008B7DC /* LGuiObject.m */,
				7C5FE0E91325CAA50008B7DC /* LControllerObject.h */,
				7C5FE0EA1325CAA50008B7DC /* LControllerObject.m */,
			);
			name = Superclasses;
			sourceTree = "<group>";
		};
		7C67EA8C132AC8EB00E055B2 /* Player */ = {
			isa = PBXGroup;
			children = (
				7C67EA93132AC9CA00E055B2 /* LPlayer_QTKit.h */,
				7C67EA94132AC9CA00E055B2 /* LPlayer_QTKit.m */,
				7C67EA90132AC97F00E055B2 /* LPlayerGui.h */,
				7C67EA91132AC97F00E055B2 /* LPlayerGui.m */,
				7C356053134A807400C41FF6 /* LPlayerVideo.h */,
				7C356054134A807500C41FF6 /* LPlayerVideo.m */,
				7C67EA8D132AC95800E055B2 /* LPlayerController.h */,
				7C67EA8E132AC95800E055B2 /* LPlayerController.m */,
			);
			name = Player;
			sourceTree = "<group>";
		};
		7C93D4251346A20E00880297 /* Apple Remote Control */ = {
			isa = PBXGroup;
			children = (
				7C93D4271346A24700880297 /* AppleRemote.h */,
				7C93D4281346A24700880297 /* AppleRemote.m */,
				7C93D4291346A24700880297 /* HIDRemoteControlDevice.h */,
				7C93D42A1346A24700880297 /* HIDRemoteControlDevice.m */,
				7C93D42B1346A24700880297 /* license.txt */,
				7C93D42C1346A24700880297 /* MultiClickRemoteBehavior.h */,
				7C93D42D1346A24700880297 /* MultiClickRemoteBehavior.m */,
				7C93D42E1346A24700880297 /* RemoteControl.h */,
				7C93D42F1346A24700880297 /* RemoteControl.m */,
			);
			name = "Apple Remote Control";
			sourceTree = "<group>";
		};
		7CF9410A1326FE97004526D0 /* Playlist */ = {
			isa = PBXGroup;
			children = (
				7C2B7C37133EBC0F001BD5DC /* LPlaylist.h */,
				7C2B7C38133EBC0F001BD5DC /* LPlaylist.m */,
				7C3B909913286BF8007B7DA5 /* LPlaylistGui.h */,
				7C3B909A13286BF8007B7DA5 /* LPlaylistGui.m */,
				7C2B7C39133EBC0F001BD5DC /* LPlaylistController.h */,
				7C2B7C3A133EBC0F001BD5DC /* LPlaylistController.m */,
			);
			name = Playlist;
			path = ..;
			sourceTree = "<group>";
		};
		D9A8FFC1134B78CE00A8FE6A /* Localization */ = {
			isa = PBXGroup;
			children = (
				D9A8FFC2134B78CE00A8FE6A /* Localizable.strings */,
			);
			path = Localization;
			sourceTree = "<group>";
		};
/* End PBXGroup section */

/* Begin PBXNativeTarget section */
		7C5FE0AF13258F0D0008B7DC /* Lux */ = {
			isa = PBXNativeTarget;
			buildConfigurationList = 7C5FE0CE13258F0D0008B7DC /* Build configuration list for PBXNativeTarget "Lux" */;
			buildPhases = (
				7C5FE0AC13258F0D0008B7DC /* Sources */,
				7C5FE0AD13258F0D0008B7DC /* Frameworks */,
				7C5FE0AE13258F0D0008B7DC /* Resources */,
				7A2E6019133FC17D00DFA2D7 /* CopyFiles */,
			);
			buildRules = (
			);
			dependencies = (
			);
			name = Lux;
			productName = Lux;
			productReference = 7C5FE0B013258F0D0008B7DC /* Lux.app */;
			productType = "com.apple.product-type.application";
		};
/* End PBXNativeTarget section */

/* Begin PBXProject section */
		7C5FE0A713258F0D0008B7DC /* Project object */ = {
			isa = PBXProject;
			attributes = {
				ORGANIZATIONNAME = ProfoundFerret;
			};
			buildConfigurationList = 7C5FE0AA13258F0D0008B7DC /* Build configuration list for PBXProject "Lux" */;
			compatibilityVersion = "Xcode 3.2";
			developmentRegion = English;
			hasScannedForEncodings = 0;
			knownRegions = (
				en,
				fr,
				English,
				es,
				ja,
				de,
				it,
				pt,
				nl,
				ru,
				sv,
				ko,
				da,
				pl,
				"pt-PT",
				fi,
			);
			mainGroup = 7C5FE0A513258F0D0008B7DC;
			productRefGroup = 7C5FE0B113258F0D0008B7DC /* Products */;
			projectDirPath = "";
			projectRoot = "";
			targets = (
				7C5FE0AF13258F0D0008B7DC /* Lux */,
			);
		};
/* End PBXProject section */

/* Begin PBXResourcesBuildPhase section */
		7C5FE0AE13258F0D0008B7DC /* Resources */ = {
			isa = PBXResourcesBuildPhase;
			buildActionMask = 2147483647;
			files = (
				7C06031613319B12000C0556 /* Play.pdf in Resources */,
				7C0603181331AD19000C0556 /* Backward.pdf in Resources */,
				7C06031A1331AD30000C0556 /* Forward.pdf in Resources */,
				7C772136133D355E0078411C /* icon.icns in Resources */,
				7A89531E133F7BAB004F7FA6 /* Growl Registration Ticket.growlRegDict in Resources */,
				7CDC964B13400E3900D59F77 /* Pause.pdf in Resources */,
				D9256E151343D1E1008B4045 /* repeatOFF.png in Resources */,
				D9256E161343D1E1008B4045 /* repeatON.png in Resources */,
				D9256E171343D1E1008B4045 /* shuffleON.png in Resources */,
				D9256E181343D1E1008B4045 /* shuffleOFF.png in Resources */,
				D9256E1E1343D951008B4045 /* plusOFF.png in Resources */,
				7C93D4321346A24700880297 /* license.txt in Resources */,
				D9E1042A134A450D009D3015 /* Panel.xib in Resources */,
				D9A8FFC5134B78CE00A8FE6A /* Localizable.strings in Resources */,
				D9D8F4EC134B7A96003697AB /* MainMenu.xib in Resources */,
				D9D8F4EF134B7AD1003697AB /* Credits.rtf in Resources */,
				D9D8F4F0134B7AD1003697AB /* InfoPlist.strings in Resources */,
			);
			runOnlyForDeploymentPostprocessing = 0;
		};
/* End PBXResourcesBuildPhase section */

/* Begin PBXSourcesBuildPhase section */
		7C5FE0AC13258F0D0008B7DC /* Sources */ = {
			isa = PBXSourcesBuildPhase;
			buildActionMask = 2147483647;
			files = (
				7C5FE0C213258F0D0008B7DC /* main.m in Sources */,
				7C5FE0C813258F0D0008B7DC /* LuxAppDelegate.m in Sources */,
				7C5FE0E21325CA600008B7DC /* LStoredObject.m in Sources */,
				7C5FE0E81325CA8C0008B7DC /* LGuiObject.m in Sources */,
				7C5FE0EB1325CAA50008B7DC /* LControllerObject.m in Sources */,
				7C5FE0EE1325CAB50008B7DC /* LSingleton.m in Sources */,
				7C5FE0F11325CC2D0008B7DC /* Lux.m in Sources */,
				7C329B6B1325D6B100377547 /* LFile.m in Sources */,
				7C329B731325DDBD00377547 /* LExtension.m in Sources */,
				7C5132CA1325E76A00469177 /* LInputOutputController.m in Sources */,
				7C58363F13260BA300B81F6C /* LInputOutput_Computer.m in Sources */,
				7CF940FD1326EF92004526D0 /* LFileGui.m in Sources */,
				7C3B909513285D1C007B7DA5 /* _Test.m in Sources */,
				7C3B909B13286BF9007B7DA5 /* LPlaylistGui.m in Sources */,
				7C3B909E1328A758007B7DA5 /* NSOutlineView+Lux.m in Sources */,
				7C67EA8F132AC95800E055B2 /* LPlayerController.m in Sources */,
				7C67EA92132AC97F00E055B2 /* LPlayerGui.m in Sources */,
				7C67EA95132AC9CA00E055B2 /* LPlayer_QTKit.m in Sources */,
				7C05ED8C133045EA00986D46 /* LMetadataController.m in Sources */,
				7C06031013318110000C0556 /* LMetadata_MP3.m in Sources */,
				7C3826A0133C595400FDD40E /* LTableView.m in Sources */,
				7CC5F5BF133EB3A600D82E44 /* LFileController.m in Sources */,
				7C2B7C36133EBBEC001BD5DC /* LExtensionController.m in Sources */,
				7C2B7C3B133EBC0F001BD5DC /* LPlaylist.m in Sources */,
				7C2B7C3C133EBC0F001BD5DC /* LPlaylistController.m in Sources */,
				7CDC965C13401AD300D59F77 /* LOutlineView.m in Sources */,
				7C0B06CC13442B2900C23399 /* NSArrayCategory.m in Sources */,
				7C22E7151344F28B00A46AB7 /* NSStringCategory.m in Sources */,
				7C9D5D831345266400971F3F /* LTableHeaderCell.m in Sources */,
				7C2811CA1346817700F5169A /* LApplication.m in Sources */,
				7C93D4301346A24700880297 /* AppleRemote.m in Sources */,
				7C93D4311346A24700880297 /* HIDRemoteControlDevice.m in Sources */,
				7C93D4331346A24700880297 /* MultiClickRemoteBehavior.m in Sources */,
				7C93D4341346A24700880297 /* RemoteControl.m in Sources */,
				D9E10429134A450D009D3015 /* PanelWithIndicator.m in Sources */,
				D9E10436134A63EF009D3015 /* LSplitView.m in Sources */,
				7C0F786E134A72800009C016 /* LuxGui.m in Sources */,
				7C356055134A807500C41FF6 /* LPlayerVideo.m in Sources */,
				D9CFAEF5134B98BA00DACAC1 /* LMetadata_OtherFormats.m in Sources */,
			);
			runOnlyForDeploymentPostprocessing = 0;
		};
/* End PBXSourcesBuildPhase section */

/* Begin PBXVariantGroup section */
		D9A8FFC2134B78CE00A8FE6A /* Localizable.strings */ = {
			isa = PBXVariantGroup;
			children = (
				D9A8FFC3134B78CE00A8FE6A /* English */,
				D9A8FFC4134B78CE00A8FE6A /* fr */,
				D941630E134B7F72007CC825 /* es */,
				D941630F134B7F76007CC825 /* ja */,
				D9416310134B7F79007CC825 /* de */,
				D9416311134B7F7B007CC825 /* it */,
				D9416312134B7F7D007CC825 /* pt */,
				D9416313134B7F80007CC825 /* nl */,
				D9416314134B7F83007CC825 /* ru */,
				D9416315134B7F86007CC825 /* sv */,
				D9416316134B7F88007CC825 /* ko */,
				D9416317134B7F8B007CC825 /* da */,
				D9416318134B7F8E007CC825 /* pl */,
				D9416319134B7F90007CC825 /* pt-PT */,
				D941631A134B7F93007CC825 /* fi */,
			);
			name = Localizable.strings;
			sourceTree = "<group>";
		};
/* End PBXVariantGroup section */

/* Begin XCBuildConfiguration section */
		7C5FE0CC13258F0D0008B7DC /* Debug */ = {
			isa = XCBuildConfiguration;
			buildSettings = {
				ARCHS = "$(ARCHS_STANDARD_32_64_BIT)";
				GCC_C_LANGUAGE_STANDARD = gnu99;
				GCC_OPTIMIZATION_LEVEL = 0;
				GCC_PREPROCESSOR_DEFINITIONS = DEBUG;
				GCC_VERSION = com.apple.compilers.llvm.clang.1_0;
				GCC_WARN_64_TO_32_BIT_CONVERSION = YES;
				GCC_WARN_ABOUT_RETURN_TYPE = YES;
				GCC_WARN_UNUSED_VARIABLE = YES;
				MACOSX_DEPLOYMENT_TARGET = 10.6;
				ONLY_ACTIVE_ARCH = YES;
				SDKROOT = macosx;
			};
			name = Debug;
		};
		7C5FE0CD13258F0D0008B7DC /* Release */ = {
			isa = XCBuildConfiguration;
			buildSettings = {
				ARCHS = "$(ARCHS_STANDARD_32_64_BIT)";
				GCC_C_LANGUAGE_STANDARD = gnu99;
				GCC_VERSION = com.apple.compilers.llvm.clang.1_0;
				GCC_WARN_64_TO_32_BIT_CONVERSION = YES;
				GCC_WARN_ABOUT_RETURN_TYPE = YES;
				GCC_WARN_UNUSED_VARIABLE = YES;
				MACOSX_DEPLOYMENT_TARGET = 10.6;
				SDKROOT = macosx;
			};
			name = Release;
		};
		7C5FE0CF13258F0D0008B7DC /* Debug */ = {
			isa = XCBuildConfiguration;
			buildSettings = {
				ALWAYS_SEARCH_USER_PATHS = NO;
				COPY_PHASE_STRIP = NO;
				FRAMEWORK_SEARCH_PATHS = (
					"$(inherited)",
					"\"$(SRCROOT)\"",
				);
				GCC_DYNAMIC_NO_PIC = NO;
				GCC_ENABLE_OBJC_EXCEPTIONS = YES;
				GCC_PRECOMPILE_PREFIX_HEADER = YES;
				GCC_PREFIX_HEADER = "Lux/Lux-Prefix.pch";
				GCC_WARN_UNDECLARED_SELECTOR = YES;
				GCC_WARN_UNUSED_FUNCTION = YES;
				INFOPLIST_FILE = "Lux/Lux-Info.plist";
				PRODUCT_NAME = "$(TARGET_NAME)";
				WRAPPER_EXTENSION = app;
			};
			name = Debug;
		};
		7C5FE0D013258F0D0008B7DC /* Release */ = {
			isa = XCBuildConfiguration;
			buildSettings = {
				ALWAYS_SEARCH_USER_PATHS = NO;
				COPY_PHASE_STRIP = YES;
				DEBUG_INFORMATION_FORMAT = "dwarf-with-dsym";
				FRAMEWORK_SEARCH_PATHS = (
					"$(inherited)",
					"\"$(SRCROOT)\"",
				);
				GCC_ENABLE_OBJC_EXCEPTIONS = YES;
				GCC_PRECOMPILE_PREFIX_HEADER = YES;
				GCC_PREFIX_HEADER = "Lux/Lux-Prefix.pch";
				GCC_WARN_UNDECLARED_SELECTOR = YES;
				GCC_WARN_UNUSED_FUNCTION = YES;
				INFOPLIST_FILE = "Lux/Lux-Info.plist";
				PRODUCT_NAME = "$(TARGET_NAME)";
				WRAPPER_EXTENSION = app;
			};
			name = Release;
		};
/* End XCBuildConfiguration section */

/* Begin XCConfigurationList section */
		7C5FE0AA13258F0D0008B7DC /* Build configuration list for PBXProject "Lux" */ = {
			isa = XCConfigurationList;
			buildConfigurations = (
				7C5FE0CC13258F0D0008B7DC /* Debug */,
				7C5FE0CD13258F0D0008B7DC /* Release */,
			);
			defaultConfigurationIsVisible = 0;
			defaultConfigurationName = Release;
		};
		7C5FE0CE13258F0D0008B7DC /* Build configuration list for PBXNativeTarget "Lux" */ = {
			isa = XCConfigurationList;
			buildConfigurations = (
				7C5FE0CF13258F0D0008B7DC /* Debug */,
				7C5FE0D013258F0D0008B7DC /* Release */,
			);
			defaultConfigurationIsVisible = 0;
			defaultConfigurationName = Release;
		};
/* End XCConfigurationList section */
	};
	rootObject = 7C5FE0A713258F0D0008B7DC /* Project object */;
}
