// !$*UTF8*$!
{
	archiveVersion = 1;
	classes = {
	};
	objectVersion = 46;
	objects = {

/* Begin PBXBuildFile section */
		7C5FE0B513258F0D0008B7DC /* Cocoa.framework in Frameworks */ = {isa = PBXBuildFile; fileRef = 7C5FE0B413258F0D0008B7DC /* Cocoa.framework */; };
		7C5FE0BF13258F0D0008B7DC /* InfoPlist.strings in Resources */ = {isa = PBXBuildFile; fileRef = 7C5FE0BD13258F0D0008B7DC /* InfoPlist.strings */; };
		7C5FE0C213258F0D0008B7DC /* main.m in Sources */ = {isa = PBXBuildFile; fileRef = 7C5FE0C113258F0D0008B7DC /* main.m */; };
		7C5FE0C513258F0D0008B7DC /* Credits.rtf in Resources */ = {isa = PBXBuildFile; fileRef = 7C5FE0C313258F0D0008B7DC /* Credits.rtf */; };
		7C5FE0C813258F0D0008B7DC /* LuxAppDelegate.m in Sources */ = {isa = PBXBuildFile; fileRef = 7C5FE0C713258F0D0008B7DC /* LuxAppDelegate.m */; };
		7C5FE0CB13258F0D0008B7DC /* MainMenu.xib in Resources */ = {isa = PBXBuildFile; fileRef = 7C5FE0C913258F0D0008B7DC /* MainMenu.xib */; };
/* End PBXBuildFile section */

/* Begin PBXFileReference section */
		7C5FE0B013258F0D0008B7DC /* Lux.app */ = {isa = PBXFileReference; explicitFileType = wrapper.application; includeInIndex = 0; path = Lux.app; sourceTree = BUILT_PRODUCTS_DIR; };
		7C5FE0B413258F0D0008B7DC /* Cocoa.framework */ = {isa = PBXFileReference; lastKnownFileType = wrapper.framework; name = Cocoa.framework; path = System/Library/Frameworks/Cocoa.framework; sourceTree = SDKROOT; };
		7C5FE0B713258F0D0008B7DC /* AppKit.framework */ = {isa = PBXFileReference; lastKnownFileType = wrapper.framework; name = AppKit.framework; path = System/Library/Frameworks/AppKit.framework; sourceTree = SDKROOT; };
		7C5FE0B813258F0D0008B7DC /* CoreData.framework */ = {isa = PBXFileReference; lastKnownFileType = wrapper.framework; name = CoreData.framework; path = System/Library/Frameworks/CoreData.framework; sourceTree = SDKROOT; };
		7C5FE0B913258F0D0008B7DC /* Foundation.framework */ = {isa = PBXFileReference; lastKnownFileType = wrapper.framework; name = Foundation.framework; path = System/Library/Frameworks/Foundation.framework; sourceTree = SDKROOT; };
		7C5FE0BC13258F0D0008B7DC /* Lux-Info.plist */ = {isa = PBXFileReference; path = "Lux-Info.plist"; sourceTree = "<group>"; };
		7C5FE0BE13258F0D0008B7DC /* en */ = {isa = PBXFileReference; lastKnownFileType = text.plist.strings; name = en; path = en.lproj/InfoPlist.strings; sourceTree = "<group>"; };
		7C5FE0C013258F0D0008B7DC /* Lux-Prefix.pch */ = {isa = PBXFileReference; path = "Lux-Prefix.pch"; sourceTree = "<group>"; };
		7C5FE0C113258F0D0008B7DC /* main.m */ = {isa = PBXFileReference; lastKnownFileType = sourcecode.c.objc; path = main.m; sourceTree = "<group>"; };
		7C5FE0C413258F0D0008B7DC /* en */ = {isa = PBXFileReference; lastKnownFileType = text.rtf; name = en; path = en.lproj/Credits.rtf; sourceTree = "<group>"; };
		7C5FE0C613258F0D0008B7DC /* LuxAppDelegate.h */ = {isa = PBXFileReference; path = LuxAppDelegate.h; sourceTree = "<group>"; };
		7C5FE0C713258F0D0008B7DC /* LuxAppDelegate.m */ = {isa = PBXFileReference; lastKnownFileType = sourcecode.c.objc; path = LuxAppDelegate.m; sourceTree = "<group>"; };
		7C5FE0CA13258F0D0008B7DC /* en */ = {isa = PBXFileReference; lastKnownFileType = file.xib; name = en; path = en.lproj/MainMenu.xib; sourceTree = "<group>"; };
/* End PBXFileReference section */

/* Begin PBXFrameworksBuildPhase section */
		7C5FE0AD13258F0D0008B7DC /* Frameworks */ = {
			isa = PBXFrameworksBuildPhase;
			buildActionMask = 2147483647;
			files = (
				7C5FE0B513258F0D0008B7DC /* Cocoa.framework in Frameworks */,
			);
			runOnlyForDeploymentPostprocessing = 0;
		};
/* End PBXFrameworksBuildPhase section */

/* Begin PBXGroup section */
		7C5FE0A513258F0D0008B7DC = {
			isa = PBXGroup;
			children = (
				7C5FE0BA13258F0D0008B7DC /* Lux */,
				7C5FE0B313258F0D0008B7DC /* Frameworks */,
				7C5FE0B113258F0D0008B7DC /* Products */,
			);
			sourceTree = "<group>";
		};
		7C5FE0B113258F0D0008B7DC /* Products */ = {
			isa = PBXGroup;
			children = (
				7C5FE0B013258F0D0008B7DC /* Lux.app */,
			);
			name = Products;
			sourceTree = "<group>";
		};
		7C5FE0B313258F0D0008B7DC /* Frameworks */ = {
			isa = PBXGroup;
			children = (
				7C5FE0B413258F0D0008B7DC /* Cocoa.framework */,
				7C5FE0B613258F0D0008B7DC /* Other Frameworks */,
			);
			name = Frameworks;
			sourceTree = "<group>";
		};
		7C5FE0B613258F0D0008B7DC /* Other Frameworks */ = {
			isa = PBXGroup;
			children = (
				7C5FE0B713258F0D0008B7DC /* AppKit.framework */,
				7C5FE0B813258F0D0008B7DC /* CoreData.framework */,
				7C5FE0B913258F0D0008B7DC /* Foundation.framework */,
			);
			name = "Other Frameworks";
			sourceTree = "<group>";
		};
		7C5FE0BA13258F0D0008B7DC /* Lux */ = {
			isa = PBXGroup;
			children = (
				7C5FE0C613258F0D0008B7DC /* LuxAppDelegate.h */,
				7C5FE0C713258F0D0008B7DC /* LuxAppDelegate.m */,
				7C5FE0C913258F0D0008B7DC /* MainMenu.xib */,
				7C5FE0BB13258F0D0008B7DC /* Supporting Files */,
			);
			path = Lux;
			sourceTree = "<group>";
		};
		7C5FE0BB13258F0D0008B7DC /* Supporting Files */ = {
			isa = PBXGroup;
			children = (
				7C5FE0BC13258F0D0008B7DC /* Lux-Info.plist */,
				7C5FE0BD13258F0D0008B7DC /* InfoPlist.strings */,
				7C5FE0C013258F0D0008B7DC /* Lux-Prefix.pch */,
				7C5FE0C113258F0D0008B7DC /* main.m */,
				7C5FE0C313258F0D0008B7DC /* Credits.rtf */,
			);
			name = "Supporting Files";
			sourceTree = "<group>";
		};
/* End PBXGroup section */

/* Begin PBXNativeTarget section */
		7C5FE0AF13258F0D0008B7DC /* Lux */ = {
			isa = PBXNativeTarget;
			buildConfigurationList = 7C5FE0CE13258F0D0008B7DC /* Build configuration list for PBXNativeTarget "Lux" */;
			buildPhases = (
				7C5FE0AC13258F0D0008B7DC /* Sources */,
				7C5FE0AD13258F0D0008B7DC /* Frameworks */,
				7C5FE0AE13258F0D0008B7DC /* Resources */,
			);
			buildRules = (
			);
			dependencies = (
			);
			name = Lux;
			productName = Lux;
			productReference = 7C5FE0B013258F0D0008B7DC /* Lux.app */;
			productType = "com.apple.product-type.application";
		};
/* End PBXNativeTarget section */

/* Begin PBXProject section */
		7C5FE0A713258F0D0008B7DC /* Project object */ = {
			isa = PBXProject;
			attributes = {
				ORGANIZATIONNAME = "Kyle Carson";
			};
			buildConfigurationList = 7C5FE0AA13258F0D0008B7DC /* Build configuration list for PBXProject "Lux" */;
			compatibilityVersion = "Xcode 3.2";
			developmentRegion = English;
			hasScannedForEncodings = 0;
			knownRegions = (
				en,
			);
			mainGroup = 7C5FE0A513258F0D0008B7DC;
			productRefGroup = 7C5FE0B113258F0D0008B7DC /* Products */;
			projectDirPath = "";
			projectRoot = "";
			targets = (
				7C5FE0AF13258F0D0008B7DC /* Lux */,
			);
		};
/* End PBXProject section */

/* Begin PBXResourcesBuildPhase section */
		7C5FE0AE13258F0D0008B7DC /* Resources */ = {
			isa = PBXResourcesBuildPhase;
			buildActionMask = 2147483647;
			files = (
				7C5FE0BF13258F0D0008B7DC /* InfoPlist.strings in Resources */,
				7C5FE0C513258F0D0008B7DC /* Credits.rtf in Resources */,
				7C5FE0CB13258F0D0008B7DC /* MainMenu.xib in Resources */,
			);
			runOnlyForDeploymentPostprocessing = 0;
		};
/* End PBXResourcesBuildPhase section */

/* Begin PBXSourcesBuildPhase section */
		7C5FE0AC13258F0D0008B7DC /* Sources */ = {
			isa = PBXSourcesBuildPhase;
			buildActionMask = 2147483647;
			files = (
				7C5FE0C213258F0D0008B7DC /* main.m in Sources */,
				7C5FE0C813258F0D0008B7DC /* LuxAppDelegate.m in Sources */,
			);
			runOnlyForDeploymentPostprocessing = 0;
		};
/* End PBXSourcesBuildPhase section */

/* Begin PBXVariantGroup section */
		7C5FE0BD13258F0D0008B7DC /* InfoPlist.strings */ = {
			isa = PBXVariantGroup;
			children = (
				7C5FE0BE13258F0D0008B7DC /* en */,
			);
			name = InfoPlist.strings;
			sourceTree = "<group>";
		};
		7C5FE0C313258F0D0008B7DC /* Credits.rtf */ = {
			isa = PBXVariantGroup;
			children = (
				7C5FE0C413258F0D0008B7DC /* en */,
			);
			name = Credits.rtf;
			sourceTree = "<group>";
		};
		7C5FE0C913258F0D0008B7DC /* MainMenu.xib */ = {
			isa = PBXVariantGroup;
			children = (
				7C5FE0CA13258F0D0008B7DC /* en */,
			);
			name = MainMenu.xib;
			sourceTree = "<group>";
		};
/* End PBXVariantGroup section */

/* Begin XCBuildConfiguration section */
		7C5FE0CC13258F0D0008B7DC /* Debug */ = {
			isa = XCBuildConfiguration;
			buildSettings = {
				ARCHS = "$(ARCHS_STANDARD_32_64_BIT)";
				GCC_C_LANGUAGE_STANDARD = gnu99;
				GCC_OPTIMIZATION_LEVEL = 0;
				GCC_PREPROCESSOR_DEFINITIONS = DEBUG;
				GCC_VERSION = com.apple.compilers.llvm.clang.1_0;
				GCC_WARN_64_TO_32_BIT_CONVERSION = YES;
				GCC_WARN_ABOUT_RETURN_TYPE = YES;
				GCC_WARN_UNUSED_VARIABLE = YES;
				MACOSX_DEPLOYMENT_TARGET = 10.6;
				ONLY_ACTIVE_ARCH = YES;
				SDKROOT = macosx;
			};
			name = Debug;
		};
		7C5FE0CD13258F0D0008B7DC /* Release */ = {
			isa = XCBuildConfiguration;
			buildSettings = {
				ARCHS = "$(ARCHS_STANDARD_32_64_BIT)";
				GCC_C_LANGUAGE_STANDARD = gnu99;
				GCC_VERSION = com.apple.compilers.llvm.clang.1_0;
				GCC_WARN_64_TO_32_BIT_CONVERSION = YES;
				GCC_WARN_ABOUT_RETURN_TYPE = YES;
				GCC_WARN_UNUSED_VARIABLE = YES;
				MACOSX_DEPLOYMENT_TARGET = 10.6;
				SDKROOT = macosx;
			};
			name = Release;
		};
		7C5FE0CF13258F0D0008B7DC /* Debug */ = {
			isa = XCBuildConfiguration;
			buildSettings = {
				ALWAYS_SEARCH_USER_PATHS = NO;
				COPY_PHASE_STRIP = NO;
				GCC_DYNAMIC_NO_PIC = NO;
				GCC_ENABLE_OBJC_EXCEPTIONS = YES;
				GCC_PRECOMPILE_PREFIX_HEADER = YES;
				GCC_PREFIX_HEADER = "Lux/Lux-Prefix.pch";
				INFOPLIST_FILE = "Lux/Lux-Info.plist";
				PRODUCT_NAME = "$(TARGET_NAME)";
				WRAPPER_EXTENSION = app;
			};
			name = Debug;
		};
		7C5FE0D013258F0D0008B7DC /* Release */ = {
			isa = XCBuildConfiguration;
			buildSettings = {
				ALWAYS_SEARCH_USER_PATHS = NO;
				COPY_PHASE_STRIP = YES;
				DEBUG_INFORMATION_FORMAT = "dwarf-with-dsym";
				GCC_ENABLE_OBJC_EXCEPTIONS = YES;
				GCC_PRECOMPILE_PREFIX_HEADER = YES;
				GCC_PREFIX_HEADER = "Lux/Lux-Prefix.pch";
				INFOPLIST_FILE = "Lux/Lux-Info.plist";
				PRODUCT_NAME = "$(TARGET_NAME)";
				WRAPPER_EXTENSION = app;
			};
			name = Release;
		};
/* End XCBuildConfiguration section */

/* Begin XCConfigurationList section */
		7C5FE0AA13258F0D0008B7DC /* Build configuration list for PBXProject "Lux" */ = {
			isa = XCConfigurationList;
			buildConfigurations = (
				7C5FE0CC13258F0D0008B7DC /* Debug */,
				7C5FE0CD13258F0D0008B7DC /* Release */,
			);
			defaultConfigurationIsVisible = 0;
			defaultConfigurationName = Release;
		};
		7C5FE0CE13258F0D0008B7DC /* Build configuration list for PBXNativeTarget "Lux" */ = {
			isa = XCConfigurationList;
			buildConfigurations = (
				7C5FE0CF13258F0D0008B7DC /* Debug */,
				7C5FE0D013258F0D0008B7DC /* Release */,
			);
			defaultConfigurationIsVisible = 0;
		};
/* End XCConfigurationList section */
	};
	rootObject = 7C5FE0A713258F0D0008B7DC /* Project object */;
}
